// !$*UTF8*$!
{
	archiveVersion = 1;
	classes = {
	};
	objectVersion = 46;
	objects = {

/* Begin PBXBuildFile section */
		B0267BE51CC947E00076AF8B /* AppDelegate.swift in Sources */ = {isa = PBXBuildFile; fileRef = B0267BE41CC947E00076AF8B /* AppDelegate.swift */; };
		B0267BE91CC947E00076AF8B /* GameScene.swift in Sources */ = {isa = PBXBuildFile; fileRef = B0267BE81CC947E00076AF8B /* GameScene.swift */; };
		B0267BEB1CC947E00076AF8B /* GameViewController.swift in Sources */ = {isa = PBXBuildFile; fileRef = B0267BEA1CC947E00076AF8B /* GameViewController.swift */; };
		B0267BEE1CC947E00076AF8B /* Main.storyboard in Resources */ = {isa = PBXBuildFile; fileRef = B0267BEC1CC947E00076AF8B /* Main.storyboard */; };
		B0267BF01CC947E00076AF8B /* Assets.xcassets in Resources */ = {isa = PBXBuildFile; fileRef = B0267BEF1CC947E00076AF8B /* Assets.xcassets */; };
		B0267BF31CC947E00076AF8B /* LaunchScreen.storyboard in Resources */ = {isa = PBXBuildFile; fileRef = B0267BF11CC947E00076AF8B /* LaunchScreen.storyboard */; };
		B0267BFE1CC947E10076AF8B /* Just_TouchTests.swift in Sources */ = {isa = PBXBuildFile; fileRef = B0267BFD1CC947E10076AF8B /* Just_TouchTests.swift */; };
		B0267C091CC947E10076AF8B /* Just_TouchUITests.swift in Sources */ = {isa = PBXBuildFile; fileRef = B0267C081CC947E10076AF8B /* Just_TouchUITests.swift */; };
		B0267C211CC94FD50076AF8B /* SmokeRocket.sks in Resources */ = {isa = PBXBuildFile; fileRef = B0267C1F1CC94FD50076AF8B /* SmokeRocket.sks */; };
		B0267C221CC94FD50076AF8B /* GameScene.sks in Resources */ = {isa = PBXBuildFile; fileRef = B0267C201CC94FD50076AF8B /* GameScene.sks */; };
		B0267C251CC953100076AF8B /* Rocket.swift in Sources */ = {isa = PBXBuildFile; fileRef = B0267C241CC953100076AF8B /* Rocket.swift */; };
/* End PBXBuildFile section */

/* Begin PBXContainerItemProxy section */
		B0267BFA1CC947E10076AF8B /* PBXContainerItemProxy */ = {
			isa = PBXContainerItemProxy;
			containerPortal = B0267BD91CC947E00076AF8B /* Project object */;
			proxyType = 1;
			remoteGlobalIDString = B0267BE01CC947E00076AF8B;
			remoteInfo = "Just Touch";
		};
		B0267C051CC947E10076AF8B /* PBXContainerItemProxy */ = {
			isa = PBXContainerItemProxy;
			containerPortal = B0267BD91CC947E00076AF8B /* Project object */;
			proxyType = 1;
			remoteGlobalIDString = B0267BE01CC947E00076AF8B;
			remoteInfo = "Just Touch";
		};
/* End PBXContainerItemProxy section */

/* Begin PBXFileReference section */
		B0267BE11CC947E00076AF8B /* Just Touch.app */ = {isa = PBXFileReference; explicitFileType = wrapper.application; includeInIndex = 0; path = "Just Touch.app"; sourceTree = BUILT_PRODUCTS_DIR; };
		B0267BE41CC947E00076AF8B /* AppDelegate.swift */ = {isa = PBXFileReference; lastKnownFileType = sourcecode.swift; path = AppDelegate.swift; sourceTree = "<group>"; };
		B0267BE81CC947E00076AF8B /* GameScene.swift */ = {isa = PBXFileReference; lastKnownFileType = sourcecode.swift; path = GameScene.swift; sourceTree = "<group>"; };
		B0267BEA1CC947E00076AF8B /* GameViewController.swift */ = {isa = PBXFileReference; lastKnownFileType = sourcecode.swift; path = GameViewController.swift; sourceTree = "<group>"; };
		B0267BED1CC947E00076AF8B /* Base */ = {isa = PBXFileReference; lastKnownFileType = file.storyboard; name = Base; path = Base.lproj/Main.storyboard; sourceTree = "<group>"; };
		B0267BEF1CC947E00076AF8B /* Assets.xcassets */ = {isa = PBXFileReference; lastKnownFileType = folder.assetcatalog; path = Assets.xcassets; sourceTree = "<group>"; };
		B0267BF21CC947E00076AF8B /* Base */ = {isa = PBXFileReference; lastKnownFileType = file.storyboard; name = Base; path = Base.lproj/LaunchScreen.storyboard; sourceTree = "<group>"; };
		B0267BF41CC947E00076AF8B /* Info.plist */ = {isa = PBXFileReference; lastKnownFileType = text.plist.xml; path = Info.plist; sourceTree = "<group>"; };
		B0267BF91CC947E10076AF8B /* Just TouchTests.xctest */ = {isa = PBXFileReference; explicitFileType = wrapper.cfbundle; includeInIndex = 0; path = "Just TouchTests.xctest"; sourceTree = BUILT_PRODUCTS_DIR; };
		B0267BFD1CC947E10076AF8B /* Just_TouchTests.swift */ = {isa = PBXFileReference; lastKnownFileType = sourcecode.swift; path = Just_TouchTests.swift; sourceTree = "<group>"; };
		B0267BFF1CC947E10076AF8B /* Info.plist */ = {isa = PBXFileReference; lastKnownFileType = text.plist.xml; path = Info.plist; sourceTree = "<group>"; };
		B0267C041CC947E10076AF8B /* Just TouchUITests.xctest */ = {isa = PBXFileReference; explicitFileType = wrapper.cfbundle; includeInIndex = 0; path = "Just TouchUITests.xctest"; sourceTree = BUILT_PRODUCTS_DIR; };
		B0267C081CC947E10076AF8B /* Just_TouchUITests.swift */ = {isa = PBXFileReference; lastKnownFileType = sourcecode.swift; path = Just_TouchUITests.swift; sourceTree = "<group>"; };
		B0267C0A1CC947E10076AF8B /* Info.plist */ = {isa = PBXFileReference; lastKnownFileType = text.plist.xml; path = Info.plist; sourceTree = "<group>"; };
		B0267C1F1CC94FD50076AF8B /* SmokeRocket.sks */ = {isa = PBXFileReference; lastKnownFileType = file.sks; path = SmokeRocket.sks; sourceTree = "<group>"; };
		B0267C201CC94FD50076AF8B /* GameScene.sks */ = {isa = PBXFileReference; lastKnownFileType = file.sks; path = GameScene.sks; sourceTree = "<group>"; };
		B0267C241CC953100076AF8B /* Rocket.swift */ = {isa = PBXFileReference; fileEncoding = 4; lastKnownFileType = sourcecode.swift; path = Rocket.swift; sourceTree = "<group>"; };
/* End PBXFileReference section */

/* Begin PBXFrameworksBuildPhase section */
		B0267BDE1CC947E00076AF8B /* Frameworks */ = {
			isa = PBXFrameworksBuildPhase;
			buildActionMask = 2147483647;
			files = (
			);
			runOnlyForDeploymentPostprocessing = 0;
		};
		B0267BF61CC947E10076AF8B /* Frameworks */ = {
			isa = PBXFrameworksBuildPhase;
			buildActionMask = 2147483647;
			files = (
			);
			runOnlyForDeploymentPostprocessing = 0;
		};
		B0267C011CC947E10076AF8B /* Frameworks */ = {
			isa = PBXFrameworksBuildPhase;
			buildActionMask = 2147483647;
			files = (
			);
			runOnlyForDeploymentPostprocessing = 0;
		};
/* End PBXFrameworksBuildPhase section */

/* Begin PBXGroup section */
		B0267BD81CC947E00076AF8B = {
			isa = PBXGroup;
			children = (
				B0267BE31CC947E00076AF8B /* Just Touch */,
				B0267BFC1CC947E10076AF8B /* Just TouchTests */,
				B0267C071CC947E10076AF8B /* Just TouchUITests */,
				B0267BE21CC947E00076AF8B /* Products */,
			);
			sourceTree = "<group>";
		};
		B0267BE21CC947E00076AF8B /* Products */ = {
			isa = PBXGroup;
			children = (
				B0267BE11CC947E00076AF8B /* Just Touch.app */,
				B0267BF91CC947E10076AF8B /* Just TouchTests.xctest */,
				B0267C041CC947E10076AF8B /* Just TouchUITests.xctest */,
			);
			name = Products;
			sourceTree = "<group>";
		};
		B0267BE31CC947E00076AF8B /* Just Touch */ = {
			isa = PBXGroup;
			children = (
				B0267C1D1CC94FD50076AF8B /* View */,
				B0267BE41CC947E00076AF8B /* AppDelegate.swift */,
				B0267BE81CC947E00076AF8B /* GameScene.swift */,
				B0267BEA1CC947E00076AF8B /* GameViewController.swift */,
				B0267BEC1CC947E00076AF8B /* Main.storyboard */,
				B0267BEF1CC947E00076AF8B /* Assets.xcassets */,
				B0267BF11CC947E00076AF8B /* LaunchScreen.storyboard */,
				B0267BF41CC947E00076AF8B /* Info.plist */,
			);
			path = "Just Touch";
			sourceTree = "<group>";
		};
		B0267BFC1CC947E10076AF8B /* Just TouchTests */ = {
			isa = PBXGroup;
			children = (
				B0267BFD1CC947E10076AF8B /* Just_TouchTests.swift */,
				B0267BFF1CC947E10076AF8B /* Info.plist */,
			);
			path = "Just TouchTests";
			sourceTree = "<group>";
		};
		B0267C071CC947E10076AF8B /* Just TouchUITests */ = {
			isa = PBXGroup;
			children = (
				B0267C081CC947E10076AF8B /* Just_TouchUITests.swift */,
				B0267C0A1CC947E10076AF8B /* Info.plist */,
			);
			path = "Just TouchUITests";
			sourceTree = "<group>";
		};
		B0267C1D1CC94FD50076AF8B /* View */ = {
			isa = PBXGroup;
			children = (
				B0267C231CC952DB0076AF8B /* Sprites */,
				B0267C1E1CC94FD50076AF8B /* Emitters */,
				B0267C201CC94FD50076AF8B /* GameScene.sks */,
			);
			path = View;
			sourceTree = "<group>";
		};
		B0267C1E1CC94FD50076AF8B /* Emitters */ = {
			isa = PBXGroup;
			children = (
				B0267C1F1CC94FD50076AF8B /* SmokeRocket.sks */,
			);
			path = Emitters;
			sourceTree = "<group>";
		};
		B0267C231CC952DB0076AF8B /* Sprites */ = {
			isa = PBXGroup;
			children = (
				B0267C241CC953100076AF8B /* Rocket.swift */,
			);
			path = Sprites;
			sourceTree = "<group>";
		};
/* End PBXGroup section */

/* Begin PBXNativeTarget section */
		B0267BE01CC947E00076AF8B /* Just Touch */ = {
			isa = PBXNativeTarget;
			buildConfigurationList = B0267C0D1CC947E10076AF8B /* Build configuration list for PBXNativeTarget "Just Touch" */;
			buildPhases = (
				B0267BDD1CC947E00076AF8B /* Sources */,
				B0267BDE1CC947E00076AF8B /* Frameworks */,
				B0267BDF1CC947E00076AF8B /* Resources */,
			);
			buildRules = (
			);
			dependencies = (
			);
			name = "Just Touch";
			productName = "Just Touch";
			productReference = B0267BE11CC947E00076AF8B /* Just Touch.app */;
			productType = "com.apple.product-type.application";
		};
		B0267BF81CC947E10076AF8B /* Just TouchTests */ = {
			isa = PBXNativeTarget;
			buildConfigurationList = B0267C101CC947E10076AF8B /* Build configuration list for PBXNativeTarget "Just TouchTests" */;
			buildPhases = (
				B0267BF51CC947E10076AF8B /* Sources */,
				B0267BF61CC947E10076AF8B /* Frameworks */,
				B0267BF71CC947E10076AF8B /* Resources */,
			);
			buildRules = (
			);
			dependencies = (
				B0267BFB1CC947E10076AF8B /* PBXTargetDependency */,
			);
			name = "Just TouchTests";
			productName = "Just TouchTests";
			productReference = B0267BF91CC947E10076AF8B /* Just TouchTests.xctest */;
			productType = "com.apple.product-type.bundle.unit-test";
		};
		B0267C031CC947E10076AF8B /* Just TouchUITests */ = {
			isa = PBXNativeTarget;
			buildConfigurationList = B0267C131CC947E10076AF8B /* Build configuration list for PBXNativeTarget "Just TouchUITests" */;
			buildPhases = (
				B0267C001CC947E10076AF8B /* Sources */,
				B0267C011CC947E10076AF8B /* Frameworks */,
				B0267C021CC947E10076AF8B /* Resources */,
			);
			buildRules = (
			);
			dependencies = (
				B0267C061CC947E10076AF8B /* PBXTargetDependency */,
			);
			name = "Just TouchUITests";
			productName = "Just TouchUITests";
			productReference = B0267C041CC947E10076AF8B /* Just TouchUITests.xctest */;
			productType = "com.apple.product-type.bundle.ui-testing";
		};
/* End PBXNativeTarget section */

/* Begin PBXProject section */
		B0267BD91CC947E00076AF8B /* Project object */ = {
			isa = PBXProject;
			attributes = {
				LastSwiftUpdateCheck = 0730;
				LastUpgradeCheck = 0730;
				ORGANIZATIONNAME = "Fernando Ferreira";
				TargetAttributes = {
					B0267BE01CC947E00076AF8B = {
						CreatedOnToolsVersion = 7.3;
					};
					B0267BF81CC947E10076AF8B = {
						CreatedOnToolsVersion = 7.3;
						TestTargetID = B0267BE01CC947E00076AF8B;
					};
					B0267C031CC947E10076AF8B = {
						CreatedOnToolsVersion = 7.3;
						TestTargetID = B0267BE01CC947E00076AF8B;
					};
				};
			};
			buildConfigurationList = B0267BDC1CC947E00076AF8B /* Build configuration list for PBXProject "Just Touch" */;
			compatibilityVersion = "Xcode 3.2";
			developmentRegion = English;
			hasScannedForEncodings = 0;
			knownRegions = (
				en,
				Base,
			);
			mainGroup = B0267BD81CC947E00076AF8B;
			productRefGroup = B0267BE21CC947E00076AF8B /* Products */;
			projectDirPath = "";
			projectRoot = "";
			targets = (
				B0267BE01CC947E00076AF8B /* Just Touch */,
				B0267BF81CC947E10076AF8B /* Just TouchTests */,
				B0267C031CC947E10076AF8B /* Just TouchUITests */,
			);
		};
/* End PBXProject section */

/* Begin PBXResourcesBuildPhase section */
		B0267BDF1CC947E00076AF8B /* Resources */ = {
			isa = PBXResourcesBuildPhase;
			buildActionMask = 2147483647;
			files = (
				B0267C211CC94FD50076AF8B /* SmokeRocket.sks in Resources */,
				B0267C221CC94FD50076AF8B /* GameScene.sks in Resources */,
				B0267BF31CC947E00076AF8B /* LaunchScreen.storyboard in Resources */,
				B0267BF01CC947E00076AF8B /* Assets.xcassets in Resources */,
				B0267BEE1CC947E00076AF8B /* Main.storyboard in Resources */,
			);
			runOnlyForDeploymentPostprocessing = 0;
		};
		B0267BF71CC947E10076AF8B /* Resources */ = {
			isa = PBXResourcesBuildPhase;
			buildActionMask = 2147483647;
			files = (
			);
			runOnlyForDeploymentPostprocessing = 0;
		};
		B0267C021CC947E10076AF8B /* Resources */ = {
			isa = PBXResourcesBuildPhase;
			buildActionMask = 2147483647;
			files = (
			);
			runOnlyForDeploymentPostprocessing = 0;
		};
/* End PBXResourcesBuildPhase section */

/* Begin PBXSourcesBuildPhase section */
		B0267BDD1CC947E00076AF8B /* Sources */ = {
			isa = PBXSourcesBuildPhase;
			buildActionMask = 2147483647;
			files = (
				B0267BE91CC947E00076AF8B /* GameScene.swift in Sources */,
				B0267BEB1CC947E00076AF8B /* GameViewController.swift in Sources */,
				B0267BE51CC947E00076AF8B /* AppDelegate.swift in Sources */,
				B0267C251CC953100076AF8B /* Rocket.swift in Sources */,
			);
			runOnlyForDeploymentPostprocessing = 0;
		};
		B0267BF51CC947E10076AF8B /* Sources */ = {
			isa = PBXSourcesBuildPhase;
			buildActionMask = 2147483647;
			files = (
				B0267BFE1CC947E10076AF8B /* Just_TouchTests.swift in Sources */,
			);
			runOnlyForDeploymentPostprocessing = 0;
		};
		B0267C001CC947E10076AF8B /* Sources */ = {
			isa = PBXSourcesBuildPhase;
			buildActionMask = 2147483647;
			files = (
				B0267C091CC947E10076AF8B /* Just_TouchUITests.swift in Sources */,
			);
			runOnlyForDeploymentPostprocessing = 0;
		};
/* End PBXSourcesBuildPhase section */

/* Begin PBXTargetDependency section */
		B0267BFB1CC947E10076AF8B /* PBXTargetDependency */ = {
			isa = PBXTargetDependency;
			target = B0267BE01CC947E00076AF8B /* Just Touch */;
			targetProxy = B0267BFA1CC947E10076AF8B /* PBXContainerItemProxy */;
		};
		B0267C061CC947E10076AF8B /* PBXTargetDependency */ = {
			isa = PBXTargetDependency;
			target = B0267BE01CC947E00076AF8B /* Just Touch */;
			targetProxy = B0267C051CC947E10076AF8B /* PBXContainerItemProxy */;
		};
/* End PBXTargetDependency section */

/* Begin PBXVariantGroup section */
		B0267BEC1CC947E00076AF8B /* Main.storyboard */ = {
			isa = PBXVariantGroup;
			children = (
				B0267BED1CC947E00076AF8B /* Base */,
			);
			name = Main.storyboard;
			sourceTree = "<group>";
		};
		B0267BF11CC947E00076AF8B /* LaunchScreen.storyboard */ = {
			isa = PBXVariantGroup;
			children = (
				B0267BF21CC947E00076AF8B /* Base */,
			);
			name = LaunchScreen.storyboard;
			sourceTree = "<group>";
		};
/* End PBXVariantGroup section */

/* Begin XCBuildConfiguration section */
		B0267C0B1CC947E10076AF8B /* Debug */ = {
			isa = XCBuildConfiguration;
			buildSettings = {
				ALWAYS_SEARCH_USER_PATHS = NO;
				CLANG_ANALYZER_NONNULL = YES;
				CLANG_CXX_LANGUAGE_STANDARD = "gnu++0x";
				CLANG_CXX_LIBRARY = "libc++";
				CLANG_ENABLE_MODULES = YES;
				CLANG_ENABLE_OBJC_ARC = YES;
				CLANG_WARN_BOOL_CONVERSION = YES;
				CLANG_WARN_CONSTANT_CONVERSION = YES;
				CLANG_WARN_DIRECT_OBJC_ISA_USAGE = YES_ERROR;
				CLANG_WARN_EMPTY_BODY = YES;
				CLANG_WARN_ENUM_CONVERSION = YES;
				CLANG_WARN_INT_CONVERSION = YES;
				CLANG_WARN_OBJC_ROOT_CLASS = YES_ERROR;
				CLANG_WARN_UNREACHABLE_CODE = YES;
				CLANG_WARN__DUPLICATE_METHOD_MATCH = YES;
				"CODE_SIGN_IDENTITY[sdk=iphoneos*]" = "iPhone Developer";
				COPY_PHASE_STRIP = NO;
				DEBUG_INFORMATION_FORMAT = "dwarf-with-dsym";
				ENABLE_STRICT_OBJC_MSGSEND = YES;
				ENABLE_TESTABILITY = YES;
				GCC_C_LANGUAGE_STANDARD = gnu99;
				GCC_DYNAMIC_NO_PIC = NO;
				GCC_NO_COMMON_BLOCKS = YES;
				GCC_OPTIMIZATION_LEVEL = 0;
				GCC_PREPROCESSOR_DEFINITIONS = (
					"DEBUG=1",
					"$(inherited)",
				);
				GCC_WARN_64_TO_32_BIT_CONVERSION = YES;
				GCC_WARN_ABOUT_RETURN_TYPE = YES_ERROR;
				GCC_WARN_UNDECLARED_SELECTOR = YES;
				GCC_WARN_UNINITIALIZED_AUTOS = YES_AGGRESSIVE;
				GCC_WARN_UNUSED_FUNCTION = YES;
				GCC_WARN_UNUSED_VARIABLE = YES;
				IPHONEOS_DEPLOYMENT_TARGET = 9.3;
				MTL_ENABLE_DEBUG_INFO = YES;
				ONLY_ACTIVE_ARCH = YES;
				SDKROOT = iphoneos;
				SWIFT_OPTIMIZATION_LEVEL = "-Onone";
				TARGETED_DEVICE_FAMILY = "1,2";
			};
			name = Debug;
		};
		B0267C0C1CC947E10076AF8B /* Release */ = {
			isa = XCBuildConfiguration;
			buildSettings = {
				ALWAYS_SEARCH_USER_PATHS = NO;
				CLANG_ANALYZER_NONNULL = YES;
				CLANG_CXX_LANGUAGE_STANDARD = "gnu++0x";
				CLANG_CXX_LIBRARY = "libc++";
				CLANG_ENABLE_MODULES = YES;
				CLANG_ENABLE_OBJC_ARC = YES;
				CLANG_WARN_BOOL_CONVERSION = YES;
				CLANG_WARN_CONSTANT_CONVERSION = YES;
				CLANG_WARN_DIRECT_OBJC_ISA_USAGE = YES_ERROR;
				CLANG_WARN_EMPTY_BODY = YES;
				CLANG_WARN_ENUM_CONVERSION = YES;
				CLANG_WARN_INT_CONVERSION = YES;
				CLANG_WARN_OBJC_ROOT_CLASS = YES_ERROR;
				CLANG_WARN_UNREACHABLE_CODE = YES;
				CLANG_WARN__DUPLICATE_METHOD_MATCH = YES;
				"CODE_SIGN_IDENTITY[sdk=iphoneos*]" = "iPhone Developer";
				COPY_PHASE_STRIP = NO;
				DEBUG_INFORMATION_FORMAT = "dwarf-with-dsym";
				ENABLE_NS_ASSERTIONS = NO;
				ENABLE_STRICT_OBJC_MSGSEND = YES;
				GCC_C_LANGUAGE_STANDARD = gnu99;
				GCC_NO_COMMON_BLOCKS = YES;
				GCC_WARN_64_TO_32_BIT_CONVERSION = YES;
				GCC_WARN_ABOUT_RETURN_TYPE = YES_ERROR;
				GCC_WARN_UNDECLARED_SELECTOR = YES;
				GCC_WARN_UNINITIALIZED_AUTOS = YES_AGGRESSIVE;
				GCC_WARN_UNUSED_FUNCTION = YES;
				GCC_WARN_UNUSED_VARIABLE = YES;
				IPHONEOS_DEPLOYMENT_TARGET = 9.3;
				MTL_ENABLE_DEBUG_INFO = NO;
				SDKROOT = iphoneos;
				TARGETED_DEVICE_FAMILY = "1,2";
				VALIDATE_PRODUCT = YES;
			};
			name = Release;
		};
		B0267C0E1CC947E10076AF8B /* Debug */ = {
			isa = XCBuildConfiguration;
			buildSettings = {
				ASSETCATALOG_COMPILER_APPICON_NAME = AppIcon;
				INFOPLIST_FILE = "Just Touch/Info.plist";
				IPHONEOS_DEPLOYMENT_TARGET = 8.1;
				LD_RUNPATH_SEARCH_PATHS = "$(inherited) @executable_path/Frameworks";
				PRODUCT_BUNDLE_IDENTIFIER = "FernandoFerreira.Just-Touch";
				PRODUCT_NAME = "$(TARGET_NAME)";
			};
			name = Debug;
		};
		B0267C0F1CC947E10076AF8B /* Release */ = {
			isa = XCBuildConfiguration;
			buildSettings = {
				ASSETCATALOG_COMPILER_APPICON_NAME = AppIcon;
				INFOPLIST_FILE = "Just Touch/Info.plist";
				IPHONEOS_DEPLOYMENT_TARGET = 8.1;
				LD_RUNPATH_SEARCH_PATHS = "$(inherited) @executable_path/Frameworks";
				PRODUCT_BUNDLE_IDENTIFIER = "FernandoFerreira.Just-Touch";
				PRODUCT_NAME = "$(TARGET_NAME)";
			};
			name = Release;
		};
		B0267C111CC947E10076AF8B /* Debug */ = {
			isa = XCBuildConfiguration;
			buildSettings = {
				BUNDLE_LOADER = "$(TEST_HOST)";
				DEBUG_INFORMATION_FORMAT = dwarf;
				INFOPLIST_FILE = "Just TouchTests/Info.plist";
				LD_RUNPATH_SEARCH_PATHS = "$(inherited) @executable_path/Frameworks @loader_path/Frameworks";
				PRODUCT_BUNDLE_IDENTIFIER = "FernandoFerreira.Just-TouchTests";
				PRODUCT_NAME = "$(TARGET_NAME)";
				TEST_HOST = "$(BUILT_PRODUCTS_DIR)/Just Touch.app/Just Touch";
			};
			name = Debug;
		};
		B0267C121CC947E10076AF8B /* Release */ = {
			isa = XCBuildConfiguration;
			buildSettings = {
				BUNDLE_LOADER = "$(TEST_HOST)";
				INFOPLIST_FILE = "Just TouchTests/Info.plist";
				LD_RUNPATH_SEARCH_PATHS = "$(inherited) @executable_path/Frameworks @loader_path/Frameworks";
				PRODUCT_BUNDLE_IDENTIFIER = "FernandoFerreira.Just-TouchTests";
				PRODUCT_NAME = "$(TARGET_NAME)";
				TEST_HOST = "$(BUILT_PRODUCTS_DIR)/Just Touch.app/Just Touch";
			};
			name = Release;
		};
		B0267C141CC947E10076AF8B /* Debug */ = {
			isa = XCBuildConfiguration;
			buildSettings = {
				DEBUG_INFORMATION_FORMAT = dwarf;
				INFOPLIST_FILE = "Just TouchUITests/Info.plist";
				LD_RUNPATH_SEARCH_PATHS = "$(inherited) @executable_path/Frameworks @loader_path/Frameworks";
				PRODUCT_BUNDLE_IDENTIFIER = "FernandoFerreira.Just-TouchUITests";
				PRODUCT_NAME = "$(TARGET_NAME)";
				TEST_TARGET_NAME = "Just Touch";
			};
			name = Debug;
		};
		B0267C151CC947E10076AF8B /* Release */ = {
			isa = XCBuildConfiguration;
			buildSettings = {
				INFOPLIST_FILE = "Just TouchUITests/Info.plist";
				LD_RUNPATH_SEARCH_PATHS = "$(inherited) @executable_path/Frameworks @loader_path/Frameworks";
				PRODUCT_BUNDLE_IDENTIFIER = "FernandoFerreira.Just-TouchUITests";
				PRODUCT_NAME = "$(TARGET_NAME)";
				TEST_TARGET_NAME = "Just Touch";
			};
			name = Release;
		};
/* End XCBuildConfiguration section */

/* Begin XCConfigurationList section */
		B0267BDC1CC947E00076AF8B /* Build configuration list for PBXProject "Just Touch" */ = {
			isa = XCConfigurationList;
			buildConfigurations = (
				B0267C0B1CC947E10076AF8B /* Debug */,
				B0267C0C1CC947E10076AF8B /* Release */,
			);
			defaultConfigurationIsVisible = 0;
			defaultConfigurationName = Release;
		};
		B0267C0D1CC947E10076AF8B /* Build configuration list for PBXNativeTarget "Just Touch" */ = {
			isa = XCConfigurationList;
			buildConfigurations = (
				B0267C0E1CC947E10076AF8B /* Debug */,
				B0267C0F1CC947E10076AF8B /* Release */,
			);
			defaultConfigurationIsVisible = 0;
		};
		B0267C101CC947E10076AF8B /* Build configuration list for PBXNativeTarget "Just TouchTests" */ = {
			isa = XCConfigurationList;
			buildConfigurations = (
				B0267C111CC947E10076AF8B /* Debug */,
				B0267C121CC947E10076AF8B /* Release */,
			);
			defaultConfigurationIsVisible = 0;
		};
		B0267C131CC947E10076AF8B /* Build configuration list for PBXNativeTarget "Just TouchUITests" */ = {
			isa = XCConfigurationList;
			buildConfigurations = (
				B0267C141CC947E10076AF8B /* Debug */,
				B0267C151CC947E10076AF8B /* Release */,
			);
			defaultConfigurationIsVisible = 0;
		};
/* End XCConfigurationList section */
	};
	rootObject = B0267BD91CC947E00076AF8B /* Project object */;
}
