// !$*UTF8*$!
{
	archiveVersion = 1;
	classes = {
	};
	objectVersion = 46;
	objects = {

/* Begin PBXBuildFile section */
		B09FAA231DCFD487000CEAA5 /* GameoverScreen.swift in Sources */ = {isa = PBXBuildFile; fileRef = B0D39AB61DCFD39D00430D7C /* GameoverScreen.swift */; };
		B09FAA241DCFD487000CEAA5 /* Hacth.swift in Sources */ = {isa = PBXBuildFile; fileRef = B0D39AB71DCFD39D00430D7C /* Hacth.swift */; };
		B09FAA251DCFD487000CEAA5 /* Meteor.swift in Sources */ = {isa = PBXBuildFile; fileRef = B0D39AB81DCFD39D00430D7C /* Meteor.swift */; };
		B09FAA261DCFD487000CEAA5 /* Moon.swift in Sources */ = {isa = PBXBuildFile; fileRef = B0D39AB91DCFD39D00430D7C /* Moon.swift */; };
		B09FAA271DCFD487000CEAA5 /* Rocket.swift in Sources */ = {isa = PBXBuildFile; fileRef = B0D39ABA1DCFD39D00430D7C /* Rocket.swift */; };
		B09FAA281DCFD487000CEAA5 /* Tutorial.swift in Sources */ = {isa = PBXBuildFile; fileRef = B0D39ABB1DCFD39D00430D7C /* Tutorial.swift */; };
		B09FAA291DCFD490000CEAA5 /* SmokeRocket.sks in Resources */ = {isa = PBXBuildFile; fileRef = B0D39AB11DCFD39D00430D7C /* SmokeRocket.sks */; };
		B09FAA2A1DCFD490000CEAA5 /* GameScene.sks in Resources */ = {isa = PBXBuildFile; fileRef = B0D39AB21DCFD39D00430D7C /* GameScene.sks */; };
		B09FAA2B1DCFD490000CEAA5 /* Parallax.swift in Sources */ = {isa = PBXBuildFile; fileRef = B0D39AB41DCFD39D00430D7C /* Parallax.swift */; };
		B0D39AC21DCFD42400430D7C /* AppDelegate.swift in Sources */ = {isa = PBXBuildFile; fileRef = B0D39AA61DCFD39D00430D7C /* AppDelegate.swift */; };
		B0D39AC31DCFD42400430D7C /* Assets.xcassets in Resources */ = {isa = PBXBuildFile; fileRef = B0D39AA71DCFD39D00430D7C /* Assets.xcassets */; };
		B0D39AC41DCFD43400430D7C /* Main.storyboard in Resources */ = {isa = PBXBuildFile; fileRef = B0D39AAA1DCFD39D00430D7C /* Main.storyboard */; };
		B0D39AC51DCFD43A00430D7C /* LaunchScreen.storyboard in Resources */ = {isa = PBXBuildFile; fileRef = B0D39AA81DCFD39D00430D7C /* LaunchScreen.storyboard */; };
		B0D39AC61DCFD43E00430D7C /* GameScene.swift in Sources */ = {isa = PBXBuildFile; fileRef = B0D39AAC1DCFD39D00430D7C /* GameScene.swift */; };
		B0D39AC71DCFD44100430D7C /* GameViewController.swift in Sources */ = {isa = PBXBuildFile; fileRef = B0D39AAD1DCFD39D00430D7C /* GameViewController.swift */; };
/* End PBXBuildFile section */

/* Begin PBXContainerItemProxy section */
		B0267BFA1CC947E10076AF8B /* PBXContainerItemProxy */ = {
			isa = PBXContainerItemProxy;
			containerPortal = B0267BD91CC947E00076AF8B /* Project object */;
			proxyType = 1;
			remoteGlobalIDString = B0267BE01CC947E00076AF8B;
			remoteInfo = "Just Touch";
		};
		B0267C051CC947E10076AF8B /* PBXContainerItemProxy */ = {
			isa = PBXContainerItemProxy;
			containerPortal = B0267BD91CC947E00076AF8B /* Project object */;
			proxyType = 1;
			remoteGlobalIDString = B0267BE01CC947E00076AF8B;
			remoteInfo = "Just Touch";
		};
/* End PBXContainerItemProxy section */

/* Begin PBXFileReference section */
		B0267BE11CC947E00076AF8B /* Just Touch.app */ = {isa = PBXFileReference; explicitFileType = wrapper.application; includeInIndex = 0; path = "Just Touch.app"; sourceTree = BUILT_PRODUCTS_DIR; };
		B0267BF91CC947E10076AF8B /* Just Touch.xctest */ = {isa = PBXFileReference; explicitFileType = wrapper.cfbundle; includeInIndex = 0; path = "Just Touch.xctest"; sourceTree = BUILT_PRODUCTS_DIR; };
		B0267C041CC947E10076AF8B /* Just Touch.xctest */ = {isa = PBXFileReference; explicitFileType = wrapper.cfbundle; includeInIndex = 0; path = "Just Touch.xctest"; sourceTree = BUILT_PRODUCTS_DIR; };
		B0D39AA61DCFD39D00430D7C /* AppDelegate.swift */ = {isa = PBXFileReference; lastKnownFileType = sourcecode.swift; path = AppDelegate.swift; sourceTree = "<group>"; };
		B0D39AA71DCFD39D00430D7C /* Assets.xcassets */ = {isa = PBXFileReference; lastKnownFileType = folder.assetcatalog; path = Assets.xcassets; sourceTree = "<group>"; };
		B0D39AA91DCFD39D00430D7C /* Base */ = {isa = PBXFileReference; lastKnownFileType = file.storyboard; name = Base; path = Base.lproj/LaunchScreen.storyboard; sourceTree = "<group>"; };
		B0D39AAB1DCFD39D00430D7C /* Base */ = {isa = PBXFileReference; lastKnownFileType = file.storyboard; name = Base; path = Base.lproj/Main.storyboard; sourceTree = "<group>"; };
		B0D39AAC1DCFD39D00430D7C /* GameScene.swift */ = {isa = PBXFileReference; lastKnownFileType = sourcecode.swift; path = GameScene.swift; sourceTree = "<group>"; };
		B0D39AAD1DCFD39D00430D7C /* GameViewController.swift */ = {isa = PBXFileReference; lastKnownFileType = sourcecode.swift; path = GameViewController.swift; sourceTree = "<group>"; };
		B0D39AAE1DCFD39D00430D7C /* Info.plist */ = {isa = PBXFileReference; lastKnownFileType = text.plist.xml; path = Info.plist; sourceTree = "<group>"; };
		B0D39AB11DCFD39D00430D7C /* SmokeRocket.sks */ = {isa = PBXFileReference; lastKnownFileType = file.sks; path = SmokeRocket.sks; sourceTree = "<group>"; };
		B0D39AB21DCFD39D00430D7C /* GameScene.sks */ = {isa = PBXFileReference; lastKnownFileType = file.sks; path = GameScene.sks; sourceTree = "<group>"; };
		B0D39AB41DCFD39D00430D7C /* Parallax.swift */ = {isa = PBXFileReference; lastKnownFileType = sourcecode.swift; path = Parallax.swift; sourceTree = "<group>"; };
		B0D39AB61DCFD39D00430D7C /* GameoverScreen.swift */ = {isa = PBXFileReference; lastKnownFileType = sourcecode.swift; path = GameoverScreen.swift; sourceTree = "<group>"; };
		B0D39AB71DCFD39D00430D7C /* Hacth.swift */ = {isa = PBXFileReference; lastKnownFileType = sourcecode.swift; path = Hacth.swift; sourceTree = "<group>"; };
		B0D39AB81DCFD39D00430D7C /* Meteor.swift */ = {isa = PBXFileReference; lastKnownFileType = sourcecode.swift; path = Meteor.swift; sourceTree = "<group>"; };
		B0D39AB91DCFD39D00430D7C /* Moon.swift */ = {isa = PBXFileReference; lastKnownFileType = sourcecode.swift; path = Moon.swift; sourceTree = "<group>"; };
		B0D39ABA1DCFD39D00430D7C /* Rocket.swift */ = {isa = PBXFileReference; lastKnownFileType = sourcecode.swift; path = Rocket.swift; sourceTree = "<group>"; };
		B0D39ABB1DCFD39D00430D7C /* Tutorial.swift */ = {isa = PBXFileReference; lastKnownFileType = sourcecode.swift; path = Tutorial.swift; sourceTree = "<group>"; };
		B0D39ABD1DCFD39D00430D7C /* Info.plist */ = {isa = PBXFileReference; lastKnownFileType = text.plist.xml; path = Info.plist; sourceTree = "<group>"; };
		B0D39ABE1DCFD39D00430D7C /* Just_TouchTests.swift */ = {isa = PBXFileReference; lastKnownFileType = sourcecode.swift; path = Just_TouchTests.swift; sourceTree = "<group>"; };
		B0D39AC01DCFD39D00430D7C /* Info.plist */ = {isa = PBXFileReference; lastKnownFileType = text.plist.xml; path = Info.plist; sourceTree = "<group>"; };
		B0D39AC11DCFD39D00430D7C /* Just_TouchUITests.swift */ = {isa = PBXFileReference; lastKnownFileType = sourcecode.swift; path = Just_TouchUITests.swift; sourceTree = "<group>"; };
/* End PBXFileReference section */

/* Begin PBXFrameworksBuildPhase section */
		B0267BDE1CC947E00076AF8B /* Frameworks */ = {
			isa = PBXFrameworksBuildPhase;
			buildActionMask = 2147483647;
			files = (
			);
			runOnlyForDeploymentPostprocessing = 0;
		};
		B0267BF61CC947E10076AF8B /* Frameworks */ = {
			isa = PBXFrameworksBuildPhase;
			buildActionMask = 2147483647;
			files = (
			);
			runOnlyForDeploymentPostprocessing = 0;
		};
		B0267C011CC947E10076AF8B /* Frameworks */ = {
			isa = PBXFrameworksBuildPhase;
			buildActionMask = 2147483647;
			files = (
			);
			runOnlyForDeploymentPostprocessing = 0;
		};
/* End PBXFrameworksBuildPhase section */

/* Begin PBXGroup section */
		B0267BD81CC947E00076AF8B = {
			isa = PBXGroup;
			children = (
				B0D39AA51DCFD39D00430D7C /* Reach */,
				B0D39ABC1DCFD39D00430D7C /* ReachhTests */,
				B0D39ABF1DCFD39D00430D7C /* ReachUITests */,
				B0267BE21CC947E00076AF8B /* Products */,
			);
			sourceTree = "<group>";
		};
		B0267BE21CC947E00076AF8B /* Products */ = {
			isa = PBXGroup;
			children = (
				B0267BE11CC947E00076AF8B /* Just Touch.app */,
				B0267BF91CC947E10076AF8B /* Just Touch.xctest */,
				B0267C041CC947E10076AF8B /* Just Touch.xctest */,
			);
			name = Products;
			sourceTree = "<group>";
		};
		B0D39AA51DCFD39D00430D7C /* Reach */ = {
			isa = PBXGroup;
			children = (
				B0D39AA61DCFD39D00430D7C /* AppDelegate.swift */,
				B0D39AA71DCFD39D00430D7C /* Assets.xcassets */,
				B0D39AA81DCFD39D00430D7C /* LaunchScreen.storyboard */,
				B0D39AAA1DCFD39D00430D7C /* Main.storyboard */,
				B0D39AAC1DCFD39D00430D7C /* GameScene.swift */,
				B0D39AAD1DCFD39D00430D7C /* GameViewController.swift */,
				B0D39AAE1DCFD39D00430D7C /* Info.plist */,
				B0D39AAF1DCFD39D00430D7C /* View */,
			);
			path = Reach;
			sourceTree = "<group>";
		};
		B0D39AAF1DCFD39D00430D7C /* View */ = {
			isa = PBXGroup;
			children = (
				B0D39AB01DCFD39D00430D7C /* Emitters */,
				B0D39AB21DCFD39D00430D7C /* GameScene.sks */,
				B0D39AB31DCFD39D00430D7C /* Parallax */,
				B0D39AB51DCFD39D00430D7C /* Sprites */,
			);
			path = View;
			sourceTree = "<group>";
		};
		B0D39AB01DCFD39D00430D7C /* Emitters */ = {
			isa = PBXGroup;
			children = (
				B0D39AB11DCFD39D00430D7C /* SmokeRocket.sks */,
			);
			path = Emitters;
			sourceTree = "<group>";
		};
		B0D39AB31DCFD39D00430D7C /* Parallax */ = {
			isa = PBXGroup;
			children = (
				B0D39AB41DCFD39D00430D7C /* Parallax.swift */,
			);
			path = Parallax;
			sourceTree = "<group>";
		};
		B0D39AB51DCFD39D00430D7C /* Sprites */ = {
			isa = PBXGroup;
			children = (
				B0D39AB61DCFD39D00430D7C /* GameoverScreen.swift */,
				B0D39AB71DCFD39D00430D7C /* Hacth.swift */,
				B0D39AB81DCFD39D00430D7C /* Meteor.swift */,
				B0D39AB91DCFD39D00430D7C /* Moon.swift */,
				B0D39ABA1DCFD39D00430D7C /* Rocket.swift */,
				B0D39ABB1DCFD39D00430D7C /* Tutorial.swift */,
			);
			path = Sprites;
			sourceTree = "<group>";
		};
		B0D39ABC1DCFD39D00430D7C /* ReachhTests */ = {
			isa = PBXGroup;
			children = (
				B0D39ABD1DCFD39D00430D7C /* Info.plist */,
				B0D39ABE1DCFD39D00430D7C /* Just_TouchTests.swift */,
			);
			path = ReachhTests;
			sourceTree = "<group>";
		};
		B0D39ABF1DCFD39D00430D7C /* ReachUITests */ = {
			isa = PBXGroup;
			children = (
				B0D39AC01DCFD39D00430D7C /* Info.plist */,
				B0D39AC11DCFD39D00430D7C /* Just_TouchUITests.swift */,
			);
			path = ReachUITests;
			sourceTree = "<group>";
		};
/* End PBXGroup section */

/* Begin PBXNativeTarget section */
		B0267BE01CC947E00076AF8B /* Reach */ = {
			isa = PBXNativeTarget;
			buildConfigurationList = B0267C0D1CC947E10076AF8B /* Build configuration list for PBXNativeTarget "Reach" */;
			buildPhases = (
				B0267BDD1CC947E00076AF8B /* Sources */,
				B0267BDE1CC947E00076AF8B /* Frameworks */,
				B0267BDF1CC947E00076AF8B /* Resources */,
			);
			buildRules = (
			);
			dependencies = (
			);
			name = Reach;
			productName = "Just Touch";
			productReference = B0267BE11CC947E00076AF8B /* Just Touch.app */;
			productType = "com.apple.product-type.application";
		};
		B0267BF81CC947E10076AF8B /* ReachTests */ = {
			isa = PBXNativeTarget;
			buildConfigurationList = B0267C101CC947E10076AF8B /* Build configuration list for PBXNativeTarget "ReachTests" */;
			buildPhases = (
				B0267BF51CC947E10076AF8B /* Sources */,
				B0267BF61CC947E10076AF8B /* Frameworks */,
				B0267BF71CC947E10076AF8B /* Resources */,
			);
			buildRules = (
			);
			dependencies = (
				B0267BFB1CC947E10076AF8B /* PBXTargetDependency */,
			);
			name = ReachTests;
			productName = "Just TouchTests";
			productReference = B0267BF91CC947E10076AF8B /* Just Touch.xctest */;
			productType = "com.apple.product-type.bundle.unit-test";
		};
		B0267C031CC947E10076AF8B /* ReachUITests */ = {
			isa = PBXNativeTarget;
			buildConfigurationList = B0267C131CC947E10076AF8B /* Build configuration list for PBXNativeTarget "ReachUITests" */;
			buildPhases = (
				B0267C001CC947E10076AF8B /* Sources */,
				B0267C011CC947E10076AF8B /* Frameworks */,
				B0267C021CC947E10076AF8B /* Resources */,
			);
			buildRules = (
			);
			dependencies = (
				B0267C061CC947E10076AF8B /* PBXTargetDependency */,
			);
			name = ReachUITests;
			productName = "Just TouchUITests";
			productReference = B0267C041CC947E10076AF8B /* Just Touch.xctest */;
			productType = "com.apple.product-type.bundle.ui-testing";
		};
/* End PBXNativeTarget section */

/* Begin PBXProject section */
		B0267BD91CC947E00076AF8B /* Project object */ = {
			isa = PBXProject;
			attributes = {
				LastSwiftUpdateCheck = 0730;
				LastUpgradeCheck = 0830;
				ORGANIZATIONNAME = "Fernando Ferreira";
				TargetAttributes = {
					B0267BE01CC947E00076AF8B = {
						CreatedOnToolsVersion = 7.3;
						DevelopmentTeam = U7KHKH9L7R;
						LastSwiftMigration = 0830;
					};
					B0267BF81CC947E10076AF8B = {
						CreatedOnToolsVersion = 7.3;
						TestTargetID = B0267BE01CC947E00076AF8B;
					};
					B0267C031CC947E10076AF8B = {
						CreatedOnToolsVersion = 7.3;
						TestTargetID = B0267BE01CC947E00076AF8B;
					};
				};
			};
			buildConfigurationList = B0267BDC1CC947E00076AF8B /* Build configuration list for PBXProject "Reach" */;
			compatibilityVersion = "Xcode 3.2";
			developmentRegion = English;
			hasScannedForEncodings = 0;
			knownRegions = (
				en,
				Base,
			);
			mainGroup = B0267BD81CC947E00076AF8B;
			productRefGroup = B0267BE21CC947E00076AF8B /* Products */;
			projectDirPath = "";
			projectRoot = "";
			targets = (
				B0267BE01CC947E00076AF8B /* Reach */,
				B0267BF81CC947E10076AF8B /* ReachTests */,
				B0267C031CC947E10076AF8B /* ReachUITests */,
			);
		};
/* End PBXProject section */

/* Begin PBXResourcesBuildPhase section */
		B0267BDF1CC947E00076AF8B /* Resources */ = {
			isa = PBXResourcesBuildPhase;
			buildActionMask = 2147483647;
			files = (
				B0D39AC51DCFD43A00430D7C /* LaunchScreen.storyboard in Resources */,
				B09FAA2A1DCFD490000CEAA5 /* GameScene.sks in Resources */,
				B09FAA291DCFD490000CEAA5 /* SmokeRocket.sks in Resources */,
				B0D39AC31DCFD42400430D7C /* Assets.xcassets in Resources */,
				B0D39AC41DCFD43400430D7C /* Main.storyboard in Resources */,
			);
			runOnlyForDeploymentPostprocessing = 0;
		};
		B0267BF71CC947E10076AF8B /* Resources */ = {
			isa = PBXResourcesBuildPhase;
			buildActionMask = 2147483647;
			files = (
			);
			runOnlyForDeploymentPostprocessing = 0;
		};
		B0267C021CC947E10076AF8B /* Resources */ = {
			isa = PBXResourcesBuildPhase;
			buildActionMask = 2147483647;
			files = (
			);
			runOnlyForDeploymentPostprocessing = 0;
		};
/* End PBXResourcesBuildPhase section */

/* Begin PBXSourcesBuildPhase section */
		B0267BDD1CC947E00076AF8B /* Sources */ = {
			isa = PBXSourcesBuildPhase;
			buildActionMask = 2147483647;
			files = (
				B09FAA241DCFD487000CEAA5 /* Hacth.swift in Sources */,
				B09FAA281DCFD487000CEAA5 /* Tutorial.swift in Sources */,
				B09FAA261DCFD487000CEAA5 /* Moon.swift in Sources */,
				B0D39AC61DCFD43E00430D7C /* GameScene.swift in Sources */,
				B09FAA231DCFD487000CEAA5 /* GameoverScreen.swift in Sources */,
				B0D39AC71DCFD44100430D7C /* GameViewController.swift in Sources */,
				B09FAA2B1DCFD490000CEAA5 /* Parallax.swift in Sources */,
				B0D39AC21DCFD42400430D7C /* AppDelegate.swift in Sources */,
				B09FAA251DCFD487000CEAA5 /* Meteor.swift in Sources */,
				B09FAA271DCFD487000CEAA5 /* Rocket.swift in Sources */,
			);
			runOnlyForDeploymentPostprocessing = 0;
		};
		B0267BF51CC947E10076AF8B /* Sources */ = {
			isa = PBXSourcesBuildPhase;
			buildActionMask = 2147483647;
			files = (
			);
			runOnlyForDeploymentPostprocessing = 0;
		};
		B0267C001CC947E10076AF8B /* Sources */ = {
			isa = PBXSourcesBuildPhase;
			buildActionMask = 2147483647;
			files = (
			);
			runOnlyForDeploymentPostprocessing = 0;
		};
/* End PBXSourcesBuildPhase section */

/* Begin PBXTargetDependency section */
		B0267BFB1CC947E10076AF8B /* PBXTargetDependency */ = {
			isa = PBXTargetDependency;
			target = B0267BE01CC947E00076AF8B /* Reach */;
			targetProxy = B0267BFA1CC947E10076AF8B /* PBXContainerItemProxy */;
		};
		B0267C061CC947E10076AF8B /* PBXTargetDependency */ = {
			isa = PBXTargetDependency;
			target = B0267BE01CC947E00076AF8B /* Reach */;
			targetProxy = B0267C051CC947E10076AF8B /* PBXContainerItemProxy */;
		};
/* End PBXTargetDependency section */

/* Begin PBXVariantGroup section */
		B0D39AA81DCFD39D00430D7C /* LaunchScreen.storyboard */ = {
			isa = PBXVariantGroup;
			children = (
				B0D39AA91DCFD39D00430D7C /* Base */,
			);
			name = LaunchScreen.storyboard;
			sourceTree = "<group>";
		};
		B0D39AAA1DCFD39D00430D7C /* Main.storyboard */ = {
			isa = PBXVariantGroup;
			children = (
				B0D39AAB1DCFD39D00430D7C /* Base */,
			);
			name = Main.storyboard;
			sourceTree = "<group>";
		};
/* End PBXVariantGroup section */

/* Begin XCBuildConfiguration section */
		B0267C0B1CC947E10076AF8B /* Debug */ = {
			isa = XCBuildConfiguration;
			buildSettings = {
				ALWAYS_SEARCH_USER_PATHS = NO;
				CLANG_ANALYZER_NONNULL = YES;
				CLANG_CXX_LANGUAGE_STANDARD = "gnu++0x";
				CLANG_CXX_LIBRARY = "libc++";
				CLANG_ENABLE_MODULES = YES;
				CLANG_ENABLE_OBJC_ARC = YES;
				CLANG_WARN_BOOL_CONVERSION = YES;
				CLANG_WARN_CONSTANT_CONVERSION = YES;
				CLANG_WARN_DIRECT_OBJC_ISA_USAGE = YES_ERROR;
				CLANG_WARN_EMPTY_BODY = YES;
				CLANG_WARN_ENUM_CONVERSION = YES;
				CLANG_WARN_INFINITE_RECURSION = YES;
				CLANG_WARN_INT_CONVERSION = YES;
				CLANG_WARN_OBJC_ROOT_CLASS = YES_ERROR;
				CLANG_WARN_SUSPICIOUS_MOVE = YES;
				CLANG_WARN_UNREACHABLE_CODE = YES;
				CLANG_WARN__DUPLICATE_METHOD_MATCH = YES;
				"CODE_SIGN_IDENTITY[sdk=iphoneos*]" = "iPhone Developer";
				COPY_PHASE_STRIP = NO;
				DEBUG_INFORMATION_FORMAT = "dwarf-with-dsym";
				ENABLE_STRICT_OBJC_MSGSEND = YES;
				ENABLE_TESTABILITY = YES;
				GCC_C_LANGUAGE_STANDARD = gnu99;
				GCC_DYNAMIC_NO_PIC = NO;
				GCC_NO_COMMON_BLOCKS = YES;
				GCC_OPTIMIZATION_LEVEL = 0;
				GCC_PREPROCESSOR_DEFINITIONS = (
					"DEBUG=1",
					"$(inherited)",
				);
				GCC_WARN_64_TO_32_BIT_CONVERSION = YES;
				GCC_WARN_ABOUT_RETURN_TYPE = YES_ERROR;
				GCC_WARN_UNDECLARED_SELECTOR = YES;
				GCC_WARN_UNINITIALIZED_AUTOS = YES_AGGRESSIVE;
				GCC_WARN_UNUSED_FUNCTION = YES;
				GCC_WARN_UNUSED_VARIABLE = YES;
				IPHONEOS_DEPLOYMENT_TARGET = 9.3;
				MTL_ENABLE_DEBUG_INFO = YES;
				ONLY_ACTIVE_ARCH = YES;
				SDKROOT = iphoneos;
				SWIFT_OPTIMIZATION_LEVEL = "-Onone";
				TARGETED_DEVICE_FAMILY = "1,2";
			};
			name = Debug;
		};
		B0267C0C1CC947E10076AF8B /* Release */ = {
			isa = XCBuildConfiguration;
			buildSettings = {
				ALWAYS_SEARCH_USER_PATHS = NO;
				CLANG_ANALYZER_NONNULL = YES;
				CLANG_CXX_LANGUAGE_STANDARD = "gnu++0x";
				CLANG_CXX_LIBRARY = "libc++";
				CLANG_ENABLE_MODULES = YES;
				CLANG_ENABLE_OBJC_ARC = YES;
				CLANG_WARN_BOOL_CONVERSION = YES;
				CLANG_WARN_CONSTANT_CONVERSION = YES;
				CLANG_WARN_DIRECT_OBJC_ISA_USAGE = YES_ERROR;
				CLANG_WARN_EMPTY_BODY = YES;
				CLANG_WARN_ENUM_CONVERSION = YES;
				CLANG_WARN_INFINITE_RECURSION = YES;
				CLANG_WARN_INT_CONVERSION = YES;
				CLANG_WARN_OBJC_ROOT_CLASS = YES_ERROR;
				CLANG_WARN_SUSPICIOUS_MOVE = YES;
				CLANG_WARN_UNREACHABLE_CODE = YES;
				CLANG_WARN__DUPLICATE_METHOD_MATCH = YES;
				"CODE_SIGN_IDENTITY[sdk=iphoneos*]" = "iPhone Developer";
				COPY_PHASE_STRIP = NO;
				DEBUG_INFORMATION_FORMAT = "dwarf-with-dsym";
				ENABLE_NS_ASSERTIONS = NO;
				ENABLE_STRICT_OBJC_MSGSEND = YES;
				GCC_C_LANGUAGE_STANDARD = gnu99;
				GCC_NO_COMMON_BLOCKS = YES;
				GCC_WARN_64_TO_32_BIT_CONVERSION = YES;
				GCC_WARN_ABOUT_RETURN_TYPE = YES_ERROR;
				GCC_WARN_UNDECLARED_SELECTOR = YES;
				GCC_WARN_UNINITIALIZED_AUTOS = YES_AGGRESSIVE;
				GCC_WARN_UNUSED_FUNCTION = YES;
				GCC_WARN_UNUSED_VARIABLE = YES;
				IPHONEOS_DEPLOYMENT_TARGET = 9.3;
				MTL_ENABLE_DEBUG_INFO = NO;
				SDKROOT = iphoneos;
				SWIFT_OPTIMIZATION_LEVEL = "-Owholemodule";
				TARGETED_DEVICE_FAMILY = "1,2";
				VALIDATE_PRODUCT = YES;
			};
			name = Release;
		};
		B0267C0E1CC947E10076AF8B /* Debug */ = {
			isa = XCBuildConfiguration;
			buildSettings = {
				ASSETCATALOG_COMPILER_APPICON_NAME = AppIcon;
				CODE_SIGN_IDENTITY = "iPhone Developer";
				"CODE_SIGN_IDENTITY[sdk=iphoneos*]" = "iPhone Developer";
				INFOPLIST_FILE = "$(SRCROOT)/Reach/Info.plist";
				IPHONEOS_DEPLOYMENT_TARGET = 8.1;
				LD_RUNPATH_SEARCH_PATHS = "$(inherited) @executable_path/Frameworks";
				PRODUCT_BUNDLE_IDENTIFIER = "FernandoFerreira.Just-Touch";
				PRODUCT_NAME = "Just Touch";
				PROVISIONING_PROFILE = "";
				SWIFT_VERSION = 3.0;
				TARGETED_DEVICE_FAMILY = 1;
			};
			name = Debug;
		};
		B0267C0F1CC947E10076AF8B /* Release */ = {
			isa = XCBuildConfiguration;
			buildSettings = {
				ASSETCATALOG_COMPILER_APPICON_NAME = AppIcon;
				CODE_SIGN_IDENTITY = "iPhone Developer";
				"CODE_SIGN_IDENTITY[sdk=iphoneos*]" = "iPhone Developer";
				INFOPLIST_FILE = "$(SRCROOT)/Reach/Info.plist";
				IPHONEOS_DEPLOYMENT_TARGET = 8.1;
				LD_RUNPATH_SEARCH_PATHS = "$(inherited) @executable_path/Frameworks";
				PRODUCT_BUNDLE_IDENTIFIER = "FernandoFerreira.Just-Touch";
				PRODUCT_NAME = "Just Touch";
				PROVISIONING_PROFILE = "";
				SWIFT_VERSION = 3.0;
				TARGETED_DEVICE_FAMILY = 1;
			};
			name = Release;
		};
		B0267C111CC947E10076AF8B /* Debug */ = {
			isa = XCBuildConfiguration;
			buildSettings = {
				BUNDLE_LOADER = "$(TEST_HOST)";
				DEBUG_INFORMATION_FORMAT = dwarf;
				INFOPLIST_FILE = "Just TouchTests/Info.plist";
				LD_RUNPATH_SEARCH_PATHS = "$(inherited) @executable_path/Frameworks @loader_path/Frameworks";
				PRODUCT_BUNDLE_IDENTIFIER = "FernandoFerreira.Just-TouchTests";
				PRODUCT_NAME = "Just Touch";
				TEST_HOST = "$(BUILT_PRODUCTS_DIR)/Just Touch.app/Just Touch";
			};
			name = Debug;
		};
		B0267C121CC947E10076AF8B /* Release */ = {
			isa = XCBuildConfiguration;
			buildSettings = {
				BUNDLE_LOADER = "$(TEST_HOST)";
				INFOPLIST_FILE = "Just TouchTests/Info.plist";
				LD_RUNPATH_SEARCH_PATHS = "$(inherited) @executable_path/Frameworks @loader_path/Frameworks";
				PRODUCT_BUNDLE_IDENTIFIER = "FernandoFerreira.Just-TouchTests";
				PRODUCT_NAME = "Just Touch";
				TEST_HOST = "$(BUILT_PRODUCTS_DIR)/Just Touch.app/Just Touch";
			};
			name = Release;
		};
		B0267C141CC947E10076AF8B /* Debug */ = {
			isa = XCBuildConfiguration;
			buildSettings = {
				DEBUG_INFORMATION_FORMAT = dwarf;
				INFOPLIST_FILE = "Just TouchUITests/Info.plist";
				LD_RUNPATH_SEARCH_PATHS = "$(inherited) @executable_path/Frameworks @loader_path/Frameworks";
				PRODUCT_BUNDLE_IDENTIFIER = "FernandoFerreira.Just-TouchUITests";
				PRODUCT_NAME = "Just Touch";
				TEST_TARGET_NAME = "Just Touch";
			};
			name = Debug;
		};
		B0267C151CC947E10076AF8B /* Release */ = {
			isa = XCBuildConfiguration;
			buildSettings = {
				INFOPLIST_FILE = "Just TouchUITests/Info.plist";
				LD_RUNPATH_SEARCH_PATHS = "$(inherited) @executable_path/Frameworks @loader_path/Frameworks";
				PRODUCT_BUNDLE_IDENTIFIER = "FernandoFerreira.Just-TouchUITests";
				PRODUCT_NAME = "Just Touch";
				TEST_TARGET_NAME = "Just Touch";
			};
			name = Release;
		};
/* End XCBuildConfiguration section */

/* Begin XCConfigurationList section */
		B0267BDC1CC947E00076AF8B /* Build configuration list for PBXProject "Reach" */ = {
			isa = XCConfigurationList;
			buildConfigurations = (
				B0267C0B1CC947E10076AF8B /* Debug */,
				B0267C0C1CC947E10076AF8B /* Release */,
			);
			defaultConfigurationIsVisible = 0;
			defaultConfigurationName = Release;
		};
		B0267C0D1CC947E10076AF8B /* Build configuration list for PBXNativeTarget "Reach" */ = {
			isa = XCConfigurationList;
			buildConfigurations = (
				B0267C0E1CC947E10076AF8B /* Debug */,
				B0267C0F1CC947E10076AF8B /* Release */,
			);
			defaultConfigurationIsVisible = 0;
			defaultConfigurationName = Release;
		};
		B0267C101CC947E10076AF8B /* Build configuration list for PBXNativeTarget "ReachTests" */ = {
			isa = XCConfigurationList;
			buildConfigurations = (
				B0267C111CC947E10076AF8B /* Debug */,
				B0267C121CC947E10076AF8B /* Release */,
			);
			defaultConfigurationIsVisible = 0;
			defaultConfigurationName = Release;
		};
		B0267C131CC947E10076AF8B /* Build configuration list for PBXNativeTarget "ReachUITests" */ = {
			isa = XCConfigurationList;
			buildConfigurations = (
				B0267C141CC947E10076AF8B /* Debug */,
				B0267C151CC947E10076AF8B /* Release */,
			);
			defaultConfigurationIsVisible = 0;
			defaultConfigurationName = Release;
		};
/* End XCConfigurationList section */
	};
	rootObject = B0267BD91CC947E00076AF8B /* Project object */;
}
